
Microsoft Visual Studio Solution File, Format Version 12.00
# Visual Studio 15
VisualStudioVersion = 15.0.27703.2035
MinimumVisualStudioVersion = 10.0.40219.1
Project("{2150E333-8FDC-42A3-9474-1A3956D46DE8}") = "src", "src", "{633BFB3F-108A-4596-B468-260E8E14CE43}"
EndProject
Project("{9A19103F-16F7-4668-BE54-9A1E7A4F7556}") = "StringConverter.ConsoleLine", "src\StringConverter.ConsoleLine\StringConverter.ConsoleLine.csproj", "{26981082-8D15-4E5A-8EE9-6FD5019EF806}"
EndProject
Global
	GlobalSection(SolutionConfigurationPlatforms) = preSolution
		Debug|Any CPU = Debug|Any CPU
		Release|Any CPU = Release|Any CPU
	EndGlobalSection
	GlobalSection(ProjectConfigurationPlatforms) = postSolution
		{26981082-8D15-4E5A-8EE9-6FD5019EF806}.Debug|Any CPU.ActiveCfg = Debug|Any CPU
		{26981082-8D15-4E5A-8EE9-6FD5019EF806}.Debug|Any CPU.Build.0 = Debug|Any CPU
		{26981082-8D15-4E5A-8EE9-6FD5019EF806}.Release|Any CPU.ActiveCfg = Release|Any CPU
		{26981082-8D15-4E5A-8EE9-6FD5019EF806}.Release|Any CPU.Build.0 = Release|Any CPU
	EndGlobalSection
	GlobalSection(SolutionProperties) = preSolution
		HideSolutionNode = FALSE
	EndGlobalSection
	GlobalSection(NestedProjects) = preSolution
		{26981082-8D15-4E5A-8EE9-6FD5019EF806} = {633BFB3F-108A-4596-B468-260E8E14CE43}
	EndGlobalSection
	GlobalSection(ExtensibilityGlobals) = postSolution
		SolutionGuid = {F31C29B4-A460-4FE3-827F-A546FB8376D0}
	EndGlobalSection
EndGlobal
